// !$*UTF8*$!
{
	archiveVersion = 1;
	classes = {
	};
	objectVersion = 51;
	objects = {

/* Begin PBXBuildFile section */
		099BED6FC52D0CADFC33EC2C /* Pods_MySecretary__macOS_.framework in Frameworks */ = {isa = PBXBuildFile; fileRef = 876F05EE0C59F65CDC70A863 /* Pods_MySecretary__macOS_.framework */; };
		157BD9BA267A4524002E67A5 /* TabBarView.swift in Sources */ = {isa = PBXBuildFile; fileRef = 15BE8D2D25F7D2840040AECB /* TabBarView.swift */; };
		157BD9BD267A45BD002E67A5 /* AppleSignInButtom.swift in Sources */ = {isa = PBXBuildFile; fileRef = 157BD9BC267A45BD002E67A5 /* AppleSignInButtom.swift */; };
		157BD9BF267A45FA002E67A5 /* SignInView.swift in Sources */ = {isa = PBXBuildFile; fileRef = 157BD9BE267A45FA002E67A5 /* SignInView.swift */; };
		157BD9C0267CE352002E67A5 /* SignInView.swift in Sources */ = {isa = PBXBuildFile; fileRef = 157BD9BE267A45FA002E67A5 /* SignInView.swift */; };
		157BD9C1267CE38C002E67A5 /* AppleSignInButtom.swift in Sources */ = {isa = PBXBuildFile; fileRef = 157BD9BC267A45BD002E67A5 /* AppleSignInButtom.swift */; };
		157BD9C3267DA3B4002E67A5 /* UserInfoView.swift in Sources */ = {isa = PBXBuildFile; fileRef = 157BD9C2267DA3B4002E67A5 /* UserInfoView.swift */; };
		157BD9C4267DA8C4002E67A5 /* UserInfoView.swift in Sources */ = {isa = PBXBuildFile; fileRef = 157BD9C2267DA3B4002E67A5 /* UserInfoView.swift */; };
		15BE8CF425F7CD820040AECB /* Tests_iOS.swift in Sources */ = {isa = PBXBuildFile; fileRef = 15BE8CF325F7CD820040AECB /* Tests_iOS.swift */; };
		15BE8CFF25F7CD820040AECB /* Tests_macOS.swift in Sources */ = {isa = PBXBuildFile; fileRef = 15BE8CFE25F7CD820040AECB /* Tests_macOS.swift */; };
		15BE8D0125F7CD820040AECB /* MySecretaryApp.swift in Sources */ = {isa = PBXBuildFile; fileRef = 15BE8CD825F7CD810040AECB /* MySecretaryApp.swift */; };
		15BE8D0225F7CD820040AECB /* MySecretaryApp.swift in Sources */ = {isa = PBXBuildFile; fileRef = 15BE8CD825F7CD810040AECB /* MySecretaryApp.swift */; };
		15BE8D0325F7CD820040AECB /* ContentView.swift in Sources */ = {isa = PBXBuildFile; fileRef = 15BE8CD925F7CD810040AECB /* ContentView.swift */; };
		15BE8D0425F7CD820040AECB /* ContentView.swift in Sources */ = {isa = PBXBuildFile; fileRef = 15BE8CD925F7CD810040AECB /* ContentView.swift */; };
		15BE8D0525F7CD820040AECB /* Assets.xcassets in Resources */ = {isa = PBXBuildFile; fileRef = 15BE8CDA25F7CD820040AECB /* Assets.xcassets */; };
		15BE8D0625F7CD820040AECB /* Assets.xcassets in Resources */ = {isa = PBXBuildFile; fileRef = 15BE8CDA25F7CD820040AECB /* Assets.xcassets */; };
		15BE8D1A25F7D1800040AECB /* DetailView.swift in Sources */ = {isa = PBXBuildFile; fileRef = 15BE8D1925F7D1800040AECB /* DetailView.swift */; };
		15BE8D1B25F7D1800040AECB /* DetailView.swift in Sources */ = {isa = PBXBuildFile; fileRef = 15BE8D1925F7D1800040AECB /* DetailView.swift */; };
		15BE8D2325F7D26E0040AECB /* SideBarView.swift in Sources */ = {isa = PBXBuildFile; fileRef = 15BE8D2225F7D26E0040AECB /* SideBarView.swift */; };
		15BE8D2425F7D26E0040AECB /* SideBarView.swift in Sources */ = {isa = PBXBuildFile; fileRef = 15BE8D2225F7D26E0040AECB /* SideBarView.swift */; };
		15BE8D2E25F7D2840040AECB /* TabBarView.swift in Sources */ = {isa = PBXBuildFile; fileRef = 15BE8D2D25F7D2840040AECB /* TabBarView.swift */; };
		15D99FCC260A3CB800AB0714 /* GoogleService-Info.plist in Resources */ = {isa = PBXBuildFile; fileRef = 15D99FCB260A3CB800AB0714 /* GoogleService-Info.plist */; };
		15D99FCD260A3CB800AB0714 /* GoogleService-Info.plist in Resources */ = {isa = PBXBuildFile; fileRef = 15D99FCB260A3CB800AB0714 /* GoogleService-Info.plist */; };
		15E6E11B25FA86F300D14BED /* MacDetailView.swift in Sources */ = {isa = PBXBuildFile; fileRef = 15E6E11A25FA86F300D14BED /* MacDetailView.swift */; };
		15E6E11C25FA86F300D14BED /* MacDetailView.swift in Sources */ = {isa = PBXBuildFile; fileRef = 15E6E11A25FA86F300D14BED /* MacDetailView.swift */; };
		4E885AAD64FB12FCFE9021BF /* Pods_MySecretary__iOS_.framework in Frameworks */ = {isa = PBXBuildFile; fileRef = 9C2F31C7602FDCC0CA0DA466 /* Pods_MySecretary__iOS_.framework */; };
/* End PBXBuildFile section */

/* Begin PBXContainerItemProxy section */
		15BE8CF025F7CD820040AECB /* PBXContainerItemProxy */ = {
			isa = PBXContainerItemProxy;
			containerPortal = 15BE8CD325F7CD810040AECB /* Project object */;
			proxyType = 1;
			remoteGlobalIDString = 15BE8CDE25F7CD820040AECB;
			remoteInfo = "MySecretary (iOS)";
		};
		15BE8CFB25F7CD820040AECB /* PBXContainerItemProxy */ = {
			isa = PBXContainerItemProxy;
			containerPortal = 15BE8CD325F7CD810040AECB /* Project object */;
			proxyType = 1;
			remoteGlobalIDString = 15BE8CE625F7CD820040AECB;
			remoteInfo = "MySecretary (macOS)";
		};
/* End PBXContainerItemProxy section */

/* Begin PBXFileReference section */
		08636D8872DF25BBAAA5AF51 /* Pods-MySecretary (iOS).debug.xcconfig */ = {isa = PBXFileReference; includeInIndex = 1; lastKnownFileType = text.xcconfig; name = "Pods-MySecretary (iOS).debug.xcconfig"; path = "Target Support Files/Pods-MySecretary (iOS)/Pods-MySecretary (iOS).debug.xcconfig"; sourceTree = "<group>"; };
		157BD9BC267A45BD002E67A5 /* AppleSignInButtom.swift */ = {isa = PBXFileReference; lastKnownFileType = sourcecode.swift; path = AppleSignInButtom.swift; sourceTree = "<group>"; };
		157BD9BE267A45FA002E67A5 /* SignInView.swift */ = {isa = PBXFileReference; lastKnownFileType = sourcecode.swift; path = SignInView.swift; sourceTree = "<group>"; };
		157BD9C2267DA3B4002E67A5 /* UserInfoView.swift */ = {isa = PBXFileReference; lastKnownFileType = sourcecode.swift; path = UserInfoView.swift; sourceTree = "<group>"; };
		15BE8CD825F7CD810040AECB /* MySecretaryApp.swift */ = {isa = PBXFileReference; lastKnownFileType = sourcecode.swift; path = MySecretaryApp.swift; sourceTree = "<group>"; };
		15BE8CD925F7CD810040AECB /* ContentView.swift */ = {isa = PBXFileReference; lastKnownFileType = sourcecode.swift; path = ContentView.swift; sourceTree = "<group>"; };
		15BE8CDA25F7CD820040AECB /* Assets.xcassets */ = {isa = PBXFileReference; lastKnownFileType = folder.assetcatalog; path = Assets.xcassets; sourceTree = "<group>"; };
		15BE8CDF25F7CD820040AECB /* MySecretary.app */ = {isa = PBXFileReference; explicitFileType = wrapper.application; includeInIndex = 0; path = MySecretary.app; sourceTree = BUILT_PRODUCTS_DIR; };
		15BE8CE225F7CD820040AECB /* Info.plist */ = {isa = PBXFileReference; lastKnownFileType = text.plist.xml; path = Info.plist; sourceTree = "<group>"; };
		15BE8CE725F7CD820040AECB /* MySecretary.app */ = {isa = PBXFileReference; explicitFileType = wrapper.application; includeInIndex = 0; path = MySecretary.app; sourceTree = BUILT_PRODUCTS_DIR; };
		15BE8CE925F7CD820040AECB /* Info.plist */ = {isa = PBXFileReference; lastKnownFileType = text.plist.xml; path = Info.plist; sourceTree = "<group>"; };
		15BE8CEA25F7CD820040AECB /* macOS.entitlements */ = {isa = PBXFileReference; lastKnownFileType = text.plist.entitlements; path = macOS.entitlements; sourceTree = "<group>"; };
		15BE8CEF25F7CD820040AECB /* Tests iOS.xctest */ = {isa = PBXFileReference; explicitFileType = wrapper.cfbundle; includeInIndex = 0; path = "Tests iOS.xctest"; sourceTree = BUILT_PRODUCTS_DIR; };
		15BE8CF325F7CD820040AECB /* Tests_iOS.swift */ = {isa = PBXFileReference; lastKnownFileType = sourcecode.swift; path = Tests_iOS.swift; sourceTree = "<group>"; };
		15BE8CF525F7CD820040AECB /* Info.plist */ = {isa = PBXFileReference; lastKnownFileType = text.plist.xml; path = Info.plist; sourceTree = "<group>"; };
		15BE8CFA25F7CD820040AECB /* Tests macOS.xctest */ = {isa = PBXFileReference; explicitFileType = wrapper.cfbundle; includeInIndex = 0; path = "Tests macOS.xctest"; sourceTree = BUILT_PRODUCTS_DIR; };
		15BE8CFE25F7CD820040AECB /* Tests_macOS.swift */ = {isa = PBXFileReference; lastKnownFileType = sourcecode.swift; path = Tests_macOS.swift; sourceTree = "<group>"; };
		15BE8D0025F7CD820040AECB /* Info.plist */ = {isa = PBXFileReference; lastKnownFileType = text.plist.xml; path = Info.plist; sourceTree = "<group>"; };
		15BE8D1925F7D1800040AECB /* DetailView.swift */ = {isa = PBXFileReference; lastKnownFileType = sourcecode.swift; path = DetailView.swift; sourceTree = "<group>"; };
		15BE8D2225F7D26E0040AECB /* SideBarView.swift */ = {isa = PBXFileReference; lastKnownFileType = sourcecode.swift; path = SideBarView.swift; sourceTree = "<group>"; };
		15BE8D2D25F7D2840040AECB /* TabBarView.swift */ = {isa = PBXFileReference; lastKnownFileType = sourcecode.swift; path = TabBarView.swift; sourceTree = "<group>"; };
		15D99FCB260A3CB800AB0714 /* GoogleService-Info.plist */ = {isa = PBXFileReference; fileEncoding = 4; lastKnownFileType = text.plist.xml; path = "GoogleService-Info.plist"; sourceTree = "<group>"; };
		15D9A023260B77A800AB0714 /* MySecretary.entitlements */ = {isa = PBXFileReference; lastKnownFileType = text.plist.entitlements; path = MySecretary.entitlements; sourceTree = "<group>"; };
		15E6E11A25FA86F300D14BED /* MacDetailView.swift */ = {isa = PBXFileReference; lastKnownFileType = sourcecode.swift; path = MacDetailView.swift; sourceTree = "<group>"; };
		16490043D17C0D21592F6C00 /* Pods-MySecretary (macOS).release.xcconfig */ = {isa = PBXFileReference; includeInIndex = 1; lastKnownFileType = text.xcconfig; name = "Pods-MySecretary (macOS).release.xcconfig"; path = "Target Support Files/Pods-MySecretary (macOS)/Pods-MySecretary (macOS).release.xcconfig"; sourceTree = "<group>"; };
		5B258E3D437C1110288167BB /* Pods-MySecretary (iOS).release.xcconfig */ = {isa = PBXFileReference; includeInIndex = 1; lastKnownFileType = text.xcconfig; name = "Pods-MySecretary (iOS).release.xcconfig"; path = "Target Support Files/Pods-MySecretary (iOS)/Pods-MySecretary (iOS).release.xcconfig"; sourceTree = "<group>"; };
		876F05EE0C59F65CDC70A863 /* Pods_MySecretary__macOS_.framework */ = {isa = PBXFileReference; explicitFileType = wrapper.framework; includeInIndex = 0; path = Pods_MySecretary__macOS_.framework; sourceTree = BUILT_PRODUCTS_DIR; };
		8FDDD5D795BAFD961DDE6A39 /* Pods-MySecretary (macOS).debug.xcconfig */ = {isa = PBXFileReference; includeInIndex = 1; lastKnownFileType = text.xcconfig; name = "Pods-MySecretary (macOS).debug.xcconfig"; path = "Target Support Files/Pods-MySecretary (macOS)/Pods-MySecretary (macOS).debug.xcconfig"; sourceTree = "<group>"; };
		9C2F31C7602FDCC0CA0DA466 /* Pods_MySecretary__iOS_.framework */ = {isa = PBXFileReference; explicitFileType = wrapper.framework; includeInIndex = 0; path = Pods_MySecretary__iOS_.framework; sourceTree = BUILT_PRODUCTS_DIR; };
/* End PBXFileReference section */

/* Begin PBXFrameworksBuildPhase section */
		15BE8CDC25F7CD820040AECB /* Frameworks */ = {
			isa = PBXFrameworksBuildPhase;
			buildActionMask = 2147483647;
			files = (
				4E885AAD64FB12FCFE9021BF /* Pods_MySecretary__iOS_.framework in Frameworks */,
			);
			runOnlyForDeploymentPostprocessing = 0;
		};
		15BE8CE425F7CD820040AECB /* Frameworks */ = {
			isa = PBXFrameworksBuildPhase;
			buildActionMask = 2147483647;
			files = (
				099BED6FC52D0CADFC33EC2C /* Pods_MySecretary__macOS_.framework in Frameworks */,
			);
			runOnlyForDeploymentPostprocessing = 0;
		};
		15BE8CEC25F7CD820040AECB /* Frameworks */ = {
			isa = PBXFrameworksBuildPhase;
			buildActionMask = 2147483647;
			files = (
			);
			runOnlyForDeploymentPostprocessing = 0;
		};
		15BE8CF725F7CD820040AECB /* Frameworks */ = {
			isa = PBXFrameworksBuildPhase;
			buildActionMask = 2147483647;
			files = (
			);
			runOnlyForDeploymentPostprocessing = 0;
		};
/* End PBXFrameworksBuildPhase section */

/* Begin PBXGroup section */
		0049EB91AF1AEEE5301948B4 /* Pods */ = {
			isa = PBXGroup;
			children = (
				08636D8872DF25BBAAA5AF51 /* Pods-MySecretary (iOS).debug.xcconfig */,
				5B258E3D437C1110288167BB /* Pods-MySecretary (iOS).release.xcconfig */,
				8FDDD5D795BAFD961DDE6A39 /* Pods-MySecretary (macOS).debug.xcconfig */,
				16490043D17C0D21592F6C00 /* Pods-MySecretary (macOS).release.xcconfig */,
			);
			path = Pods;
			sourceTree = "<group>";
		};
		157BD9B8267A44FB002E67A5 /* View */ = {
			isa = PBXGroup;
			children = (
				15E6E11A25FA86F300D14BED /* MacDetailView.swift */,
			);
			path = View;
			sourceTree = "<group>";
		};
		157BD9B9267A4518002E67A5 /* View */ = {
			isa = PBXGroup;
			children = (
				15BE8D2D25F7D2840040AECB /* TabBarView.swift */,
				15BE8D1925F7D1800040AECB /* DetailView.swift */,
			);
			path = View;
			sourceTree = "<group>";
		};
		157BD9BB267A4554002E67A5 /* Button */ = {
			isa = PBXGroup;
			children = (
				157BD9BC267A45BD002E67A5 /* AppleSignInButtom.swift */,
			);
			path = Button;
			sourceTree = "<group>";
		};
		15BE8CD225F7CD810040AECB = {
			isa = PBXGroup;
			children = (
				15D9A023260B77A800AB0714 /* MySecretary.entitlements */,
				15BE8CD725F7CD810040AECB /* Shared */,
				15BE8CE125F7CD820040AECB /* iOS */,
				15BE8CE825F7CD820040AECB /* macOS */,
				15BE8CF225F7CD820040AECB /* Tests iOS */,
				15BE8CFD25F7CD820040AECB /* Tests macOS */,
				15BE8CE025F7CD820040AECB /* Products */,
				0049EB91AF1AEEE5301948B4 /* Pods */,
				85ACC664D7C2DDD1E34E55BD /* Frameworks */,
			);
			sourceTree = "<group>";
		};
		15BE8CD725F7CD810040AECB /* Shared */ = {
			isa = PBXGroup;
			children = (
				15BE8CD825F7CD810040AECB /* MySecretaryApp.swift */,
				15BE8CD925F7CD810040AECB /* ContentView.swift */,
				15D99FC625FDB34B00AB0714 /* Model */,
				15BE8D2025F7D1870040AECB /* View */,
				15D99FC525FDB33E00AB0714 /* View Model */,
				15BE8CDA25F7CD820040AECB /* Assets.xcassets */,
				15D99FCB260A3CB800AB0714 /* GoogleService-Info.plist */,
			);
			path = Shared;
			sourceTree = "<group>";
		};
		15BE8CE025F7CD820040AECB /* Products */ = {
			isa = PBXGroup;
			children = (
				15BE8CDF25F7CD820040AECB /* MySecretary.app */,
				15BE8CE725F7CD820040AECB /* MySecretary.app */,
				15BE8CEF25F7CD820040AECB /* Tests iOS.xctest */,
				15BE8CFA25F7CD820040AECB /* Tests macOS.xctest */,
			);
			name = Products;
			sourceTree = "<group>";
		};
		15BE8CE125F7CD820040AECB /* iOS */ = {
			isa = PBXGroup;
			children = (
				157BD9B9267A4518002E67A5 /* View */,
				15BE8CE225F7CD820040AECB /* Info.plist */,
			);
			path = iOS;
			sourceTree = "<group>";
		};
		15BE8CE825F7CD820040AECB /* macOS */ = {
			isa = PBXGroup;
			children = (
				157BD9B8267A44FB002E67A5 /* View */,
				15BE8CE925F7CD820040AECB /* Info.plist */,
				15BE8CEA25F7CD820040AECB /* macOS.entitlements */,
			);
			path = macOS;
			sourceTree = "<group>";
		};
		15BE8CF225F7CD820040AECB /* Tests iOS */ = {
			isa = PBXGroup;
			children = (
				15BE8CF325F7CD820040AECB /* Tests_iOS.swift */,
				15BE8CF525F7CD820040AECB /* Info.plist */,
			);
			path = "Tests iOS";
			sourceTree = "<group>";
		};
		15BE8CFD25F7CD820040AECB /* Tests macOS */ = {
			isa = PBXGroup;
			children = (
				15BE8CFE25F7CD820040AECB /* Tests_macOS.swift */,
				15BE8D0025F7CD820040AECB /* Info.plist */,
			);
			path = "Tests macOS";
			sourceTree = "<group>";
		};
		15BE8D2025F7D1870040AECB /* View */ = {
			isa = PBXGroup;
			children = (
				157BD9BB267A4554002E67A5 /* Button */,
				15BE8D2225F7D26E0040AECB /* SideBarView.swift */,
				157BD9BE267A45FA002E67A5 /* SignInView.swift */,
				157BD9C2267DA3B4002E67A5 /* UserInfoView.swift */,
			);
			path = View;
			sourceTree = "<group>";
		};
		15D99FC525FDB33E00AB0714 /* View Model */ = {
			isa = PBXGroup;
			children = (
			);
			path = "View Model";
			sourceTree = "<group>";
		};
		15D99FC625FDB34B00AB0714 /* Model */ = {
			isa = PBXGroup;
			children = (
			);
			path = Model;
			sourceTree = "<group>";
		};
		85ACC664D7C2DDD1E34E55BD /* Frameworks */ = {
			isa = PBXGroup;
			children = (
				9C2F31C7602FDCC0CA0DA466 /* Pods_MySecretary__iOS_.framework */,
				876F05EE0C59F65CDC70A863 /* Pods_MySecretary__macOS_.framework */,
			);
			name = Frameworks;
			sourceTree = "<group>";
		};
/* End PBXGroup section */

/* Begin PBXNativeTarget section */
		15BE8CDE25F7CD820040AECB /* MySecretary (iOS) */ = {
			isa = PBXNativeTarget;
			buildConfigurationList = 15BE8D0925F7CD820040AECB /* Build configuration list for PBXNativeTarget "MySecretary (iOS)" */;
			buildPhases = (
				6EA83055BD2CC3C54F92CCE3 /* [CP] Check Pods Manifest.lock */,
				15BE8CDB25F7CD820040AECB /* Sources */,
				15BE8CDC25F7CD820040AECB /* Frameworks */,
				15BE8CDD25F7CD820040AECB /* Resources */,
				18CF9F0B1E682289508E2DC7 /* [CP] Embed Pods Frameworks */,
			);
			buildRules = (
			);
			dependencies = (
			);
			name = "MySecretary (iOS)";
			productName = "MySecretary (iOS)";
			productReference = 15BE8CDF25F7CD820040AECB /* MySecretary.app */;
			productType = "com.apple.product-type.application";
		};
		15BE8CE625F7CD820040AECB /* MySecretary (macOS) */ = {
			isa = PBXNativeTarget;
			buildConfigurationList = 15BE8D0C25F7CD820040AECB /* Build configuration list for PBXNativeTarget "MySecretary (macOS)" */;
			buildPhases = (
				E1EB43DD301F136E0D14CA2C /* [CP] Check Pods Manifest.lock */,
				15BE8CE325F7CD820040AECB /* Sources */,
				15BE8CE425F7CD820040AECB /* Frameworks */,
				15BE8CE525F7CD820040AECB /* Resources */,
				CA959BE3B2EA249BC0C31F0D /* [CP] Embed Pods Frameworks */,
			);
			buildRules = (
			);
			dependencies = (
			);
			name = "MySecretary (macOS)";
			productName = "MySecretary (macOS)";
			productReference = 15BE8CE725F7CD820040AECB /* MySecretary.app */;
			productType = "com.apple.product-type.application";
		};
		15BE8CEE25F7CD820040AECB /* Tests iOS */ = {
			isa = PBXNativeTarget;
			buildConfigurationList = 15BE8D0F25F7CD820040AECB /* Build configuration list for PBXNativeTarget "Tests iOS" */;
			buildPhases = (
				15BE8CEB25F7CD820040AECB /* Sources */,
				15BE8CEC25F7CD820040AECB /* Frameworks */,
				15BE8CED25F7CD820040AECB /* Resources */,
			);
			buildRules = (
			);
			dependencies = (
				15BE8CF125F7CD820040AECB /* PBXTargetDependency */,
			);
			name = "Tests iOS";
			productName = "Tests iOS";
			productReference = 15BE8CEF25F7CD820040AECB /* Tests iOS.xctest */;
			productType = "com.apple.product-type.bundle.ui-testing";
		};
		15BE8CF925F7CD820040AECB /* Tests macOS */ = {
			isa = PBXNativeTarget;
			buildConfigurationList = 15BE8D1225F7CD820040AECB /* Build configuration list for PBXNativeTarget "Tests macOS" */;
			buildPhases = (
				15BE8CF625F7CD820040AECB /* Sources */,
				15BE8CF725F7CD820040AECB /* Frameworks */,
				15BE8CF825F7CD820040AECB /* Resources */,
			);
			buildRules = (
			);
			dependencies = (
				15BE8CFC25F7CD820040AECB /* PBXTargetDependency */,
			);
			name = "Tests macOS";
			productName = "Tests macOS";
			productReference = 15BE8CFA25F7CD820040AECB /* Tests macOS.xctest */;
			productType = "com.apple.product-type.bundle.ui-testing";
		};
/* End PBXNativeTarget section */

/* Begin PBXProject section */
		15BE8CD325F7CD810040AECB /* Project object */ = {
			isa = PBXProject;
			attributes = {
				LastSwiftUpdateCheck = 1240;
				LastUpgradeCheck = 1240;
				TargetAttributes = {
					15BE8CDE25F7CD820040AECB = {
						CreatedOnToolsVersion = 12.4;
					};
					15BE8CE625F7CD820040AECB = {
						CreatedOnToolsVersion = 12.4;
					};
					15BE8CEE25F7CD820040AECB = {
						CreatedOnToolsVersion = 12.4;
						TestTargetID = 15BE8CDE25F7CD820040AECB;
					};
					15BE8CF925F7CD820040AECB = {
						CreatedOnToolsVersion = 12.4;
						TestTargetID = 15BE8CE625F7CD820040AECB;
					};
				};
			};
			buildConfigurationList = 15BE8CD625F7CD810040AECB /* Build configuration list for PBXProject "MySecretary" */;
			compatibilityVersion = "Xcode 9.3";
			developmentRegion = en;
			hasScannedForEncodings = 0;
			knownRegions = (
				en,
				Base,
			);
			mainGroup = 15BE8CD225F7CD810040AECB;
			productRefGroup = 15BE8CE025F7CD820040AECB /* Products */;
			projectDirPath = "";
			projectRoot = "";
			targets = (
				15BE8CDE25F7CD820040AECB /* MySecretary (iOS) */,
				15BE8CE625F7CD820040AECB /* MySecretary (macOS) */,
				15BE8CEE25F7CD820040AECB /* Tests iOS */,
				15BE8CF925F7CD820040AECB /* Tests macOS */,
			);
		};
/* End PBXProject section */

/* Begin PBXResourcesBuildPhase section */
		15BE8CDD25F7CD820040AECB /* Resources */ = {
			isa = PBXResourcesBuildPhase;
			buildActionMask = 2147483647;
			files = (
				15BE8D0525F7CD820040AECB /* Assets.xcassets in Resources */,
				15D99FCC260A3CB800AB0714 /* GoogleService-Info.plist in Resources */,
			);
			runOnlyForDeploymentPostprocessing = 0;
		};
		15BE8CE525F7CD820040AECB /* Resources */ = {
			isa = PBXResourcesBuildPhase;
			buildActionMask = 2147483647;
			files = (
				15BE8D0625F7CD820040AECB /* Assets.xcassets in Resources */,
				15D99FCD260A3CB800AB0714 /* GoogleService-Info.plist in Resources */,
			);
			runOnlyForDeploymentPostprocessing = 0;
		};
		15BE8CED25F7CD820040AECB /* Resources */ = {
			isa = PBXResourcesBuildPhase;
			buildActionMask = 2147483647;
			files = (
			);
			runOnlyForDeploymentPostprocessing = 0;
		};
		15BE8CF825F7CD820040AECB /* Resources */ = {
			isa = PBXResourcesBuildPhase;
			buildActionMask = 2147483647;
			files = (
			);
			runOnlyForDeploymentPostprocessing = 0;
		};
/* End PBXResourcesBuildPhase section */

/* Begin PBXShellScriptBuildPhase section */
		18CF9F0B1E682289508E2DC7 /* [CP] Embed Pods Frameworks */ = {
			isa = PBXShellScriptBuildPhase;
			buildActionMask = 2147483647;
			files = (
			);
			inputFileListPaths = (
				"${PODS_ROOT}/Target Support Files/Pods-MySecretary (iOS)/Pods-MySecretary (iOS)-frameworks-${CONFIGURATION}-input-files.xcfilelist",
			);
			name = "[CP] Embed Pods Frameworks";
			outputFileListPaths = (
				"${PODS_ROOT}/Target Support Files/Pods-MySecretary (iOS)/Pods-MySecretary (iOS)-frameworks-${CONFIGURATION}-output-files.xcfilelist",
			);
			runOnlyForDeploymentPostprocessing = 0;
			shellPath = /bin/sh;
			shellScript = "\"${PODS_ROOT}/Target Support Files/Pods-MySecretary (iOS)/Pods-MySecretary (iOS)-frameworks.sh\"\n";
			showEnvVarsInLog = 0;
		};
		6EA83055BD2CC3C54F92CCE3 /* [CP] Check Pods Manifest.lock */ = {
			isa = PBXShellScriptBuildPhase;
			buildActionMask = 2147483647;
			files = (
			);
			inputFileListPaths = (
			);
			inputPaths = (
				"${PODS_PODFILE_DIR_PATH}/Podfile.lock",
				"${PODS_ROOT}/Manifest.lock",
			);
			name = "[CP] Check Pods Manifest.lock";
			outputFileListPaths = (
			);
			outputPaths = (
				"$(DERIVED_FILE_DIR)/Pods-MySecretary (iOS)-checkManifestLockResult.txt",
			);
			runOnlyForDeploymentPostprocessing = 0;
			shellPath = /bin/sh;
			shellScript = "diff \"${PODS_PODFILE_DIR_PATH}/Podfile.lock\" \"${PODS_ROOT}/Manifest.lock\" > /dev/null\nif [ $? != 0 ] ; then\n    # print error to STDERR\n    echo \"error: The sandbox is not in sync with the Podfile.lock. Run 'pod install' or update your CocoaPods installation.\" >&2\n    exit 1\nfi\n# This output is used by Xcode 'outputs' to avoid re-running this script phase.\necho \"SUCCESS\" > \"${SCRIPT_OUTPUT_FILE_0}\"\n";
			showEnvVarsInLog = 0;
		};
		CA959BE3B2EA249BC0C31F0D /* [CP] Embed Pods Frameworks */ = {
			isa = PBXShellScriptBuildPhase;
			buildActionMask = 2147483647;
			files = (
			);
			inputFileListPaths = (
				"${PODS_ROOT}/Target Support Files/Pods-MySecretary (macOS)/Pods-MySecretary (macOS)-frameworks-${CONFIGURATION}-input-files.xcfilelist",
			);
			name = "[CP] Embed Pods Frameworks";
			outputFileListPaths = (
				"${PODS_ROOT}/Target Support Files/Pods-MySecretary (macOS)/Pods-MySecretary (macOS)-frameworks-${CONFIGURATION}-output-files.xcfilelist",
			);
			runOnlyForDeploymentPostprocessing = 0;
			shellPath = /bin/sh;
			shellScript = "\"${PODS_ROOT}/Target Support Files/Pods-MySecretary (macOS)/Pods-MySecretary (macOS)-frameworks.sh\"\n";
			showEnvVarsInLog = 0;
		};
		E1EB43DD301F136E0D14CA2C /* [CP] Check Pods Manifest.lock */ = {
			isa = PBXShellScriptBuildPhase;
			buildActionMask = 2147483647;
			files = (
			);
			inputFileListPaths = (
			);
			inputPaths = (
				"${PODS_PODFILE_DIR_PATH}/Podfile.lock",
				"${PODS_ROOT}/Manifest.lock",
			);
			name = "[CP] Check Pods Manifest.lock";
			outputFileListPaths = (
			);
			outputPaths = (
				"$(DERIVED_FILE_DIR)/Pods-MySecretary (macOS)-checkManifestLockResult.txt",
			);
			runOnlyForDeploymentPostprocessing = 0;
			shellPath = /bin/sh;
			shellScript = "diff \"${PODS_PODFILE_DIR_PATH}/Podfile.lock\" \"${PODS_ROOT}/Manifest.lock\" > /dev/null\nif [ $? != 0 ] ; then\n    # print error to STDERR\n    echo \"error: The sandbox is not in sync with the Podfile.lock. Run 'pod install' or update your CocoaPods installation.\" >&2\n    exit 1\nfi\n# This output is used by Xcode 'outputs' to avoid re-running this script phase.\necho \"SUCCESS\" > \"${SCRIPT_OUTPUT_FILE_0}\"\n";
			showEnvVarsInLog = 0;
		};
/* End PBXShellScriptBuildPhase section */

/* Begin PBXSourcesBuildPhase section */
		15BE8CDB25F7CD820040AECB /* Sources */ = {
			isa = PBXSourcesBuildPhase;
			buildActionMask = 2147483647;
			files = (
				15BE8D0325F7CD820040AECB /* ContentView.swift in Sources */,
				15BE8D2325F7D26E0040AECB /* SideBarView.swift in Sources */,
				157BD9BD267A45BD002E67A5 /* AppleSignInButtom.swift in Sources */,
				15BE8D1A25F7D1800040AECB /* DetailView.swift in Sources */,
				157BD9C3267DA3B4002E67A5 /* UserInfoView.swift in Sources */,
				15E6E11B25FA86F300D14BED /* MacDetailView.swift in Sources */,
				15BE8D2E25F7D2840040AECB /* TabBarView.swift in Sources */,
				157BD9BF267A45FA002E67A5 /* SignInView.swift in Sources */,
				15BE8D0125F7CD820040AECB /* MySecretaryApp.swift in Sources */,
			);
			runOnlyForDeploymentPostprocessing = 0;
		};
		15BE8CE325F7CD820040AECB /* Sources */ = {
			isa = PBXSourcesBuildPhase;
			buildActionMask = 2147483647;
			files = (
				157BD9C4267DA8C4002E67A5 /* UserInfoView.swift in Sources */,
				15BE8D0425F7CD820040AECB /* ContentView.swift in Sources */,
				157BD9C0267CE352002E67A5 /* SignInView.swift in Sources */,
				15BE8D2425F7D26E0040AECB /* SideBarView.swift in Sources */,
				15BE8D1B25F7D1800040AECB /* DetailView.swift in Sources */,
				15BE8D0225F7CD820040AECB /* MySecretaryApp.swift in Sources */,
				157BD9BA267A4524002E67A5 /* TabBarView.swift in Sources */,
				15E6E11C25FA86F300D14BED /* MacDetailView.swift in Sources */,
				157BD9C1267CE38C002E67A5 /* AppleSignInButtom.swift in Sources */,
			);
			runOnlyForDeploymentPostprocessing = 0;
		};
		15BE8CEB25F7CD820040AECB /* Sources */ = {
			isa = PBXSourcesBuildPhase;
			buildActionMask = 2147483647;
			files = (
				15BE8CF425F7CD820040AECB /* Tests_iOS.swift in Sources */,
			);
			runOnlyForDeploymentPostprocessing = 0;
		};
		15BE8CF625F7CD820040AECB /* Sources */ = {
			isa = PBXSourcesBuildPhase;
			buildActionMask = 2147483647;
			files = (
				15BE8CFF25F7CD820040AECB /* Tests_macOS.swift in Sources */,
			);
			runOnlyForDeploymentPostprocessing = 0;
		};
/* End PBXSourcesBuildPhase section */

/* Begin PBXTargetDependency section */
		15BE8CF125F7CD820040AECB /* PBXTargetDependency */ = {
			isa = PBXTargetDependency;
			target = 15BE8CDE25F7CD820040AECB /* MySecretary (iOS) */;
			targetProxy = 15BE8CF025F7CD820040AECB /* PBXContainerItemProxy */;
		};
		15BE8CFC25F7CD820040AECB /* PBXTargetDependency */ = {
			isa = PBXTargetDependency;
			target = 15BE8CE625F7CD820040AECB /* MySecretary (macOS) */;
			targetProxy = 15BE8CFB25F7CD820040AECB /* PBXContainerItemProxy */;
		};
/* End PBXTargetDependency section */

/* Begin XCBuildConfiguration section */
		15BE8D0725F7CD820040AECB /* Debug */ = {
			isa = XCBuildConfiguration;
			buildSettings = {
				ALWAYS_SEARCH_USER_PATHS = NO;
				CLANG_ANALYZER_NONNULL = YES;
				CLANG_ANALYZER_NUMBER_OBJECT_CONVERSION = YES_AGGRESSIVE;
				CLANG_CXX_LANGUAGE_STANDARD = "gnu++14";
				CLANG_CXX_LIBRARY = "libc++";
				CLANG_ENABLE_MODULES = YES;
				CLANG_ENABLE_OBJC_ARC = YES;
				CLANG_ENABLE_OBJC_WEAK = YES;
				CLANG_WARN_BLOCK_CAPTURE_AUTORELEASING = YES;
				CLANG_WARN_BOOL_CONVERSION = YES;
				CLANG_WARN_COMMA = YES;
				CLANG_WARN_CONSTANT_CONVERSION = YES;
				CLANG_WARN_DEPRECATED_OBJC_IMPLEMENTATIONS = YES;
				CLANG_WARN_DIRECT_OBJC_ISA_USAGE = YES_ERROR;
				CLANG_WARN_DOCUMENTATION_COMMENTS = YES;
				CLANG_WARN_EMPTY_BODY = YES;
				CLANG_WARN_ENUM_CONVERSION = YES;
				CLANG_WARN_INFINITE_RECURSION = YES;
				CLANG_WARN_INT_CONVERSION = YES;
				CLANG_WARN_NON_LITERAL_NULL_CONVERSION = YES;
				CLANG_WARN_OBJC_IMPLICIT_RETAIN_SELF = YES;
				CLANG_WARN_OBJC_LITERAL_CONVERSION = YES;
				CLANG_WARN_OBJC_ROOT_CLASS = YES_ERROR;
				CLANG_WARN_QUOTED_INCLUDE_IN_FRAMEWORK_HEADER = YES;
				CLANG_WARN_RANGE_LOOP_ANALYSIS = YES;
				CLANG_WARN_STRICT_PROTOTYPES = YES;
				CLANG_WARN_SUSPICIOUS_MOVE = YES;
				CLANG_WARN_UNGUARDED_AVAILABILITY = YES_AGGRESSIVE;
				CLANG_WARN_UNREACHABLE_CODE = YES;
				CLANG_WARN__DUPLICATE_METHOD_MATCH = YES;
				COPY_PHASE_STRIP = NO;
				DEBUG_INFORMATION_FORMAT = dwarf;
				ENABLE_STRICT_OBJC_MSGSEND = YES;
				ENABLE_TESTABILITY = YES;
				GCC_C_LANGUAGE_STANDARD = gnu11;
				GCC_DYNAMIC_NO_PIC = NO;
				GCC_NO_COMMON_BLOCKS = YES;
				GCC_OPTIMIZATION_LEVEL = 0;
				GCC_PREPROCESSOR_DEFINITIONS = (
					"DEBUG=1",
					"$(inherited)",
				);
				GCC_WARN_64_TO_32_BIT_CONVERSION = YES;
				GCC_WARN_ABOUT_RETURN_TYPE = YES_ERROR;
				GCC_WARN_UNDECLARED_SELECTOR = YES;
				GCC_WARN_UNINITIALIZED_AUTOS = YES_AGGRESSIVE;
				GCC_WARN_UNUSED_FUNCTION = YES;
				GCC_WARN_UNUSED_VARIABLE = YES;
				MTL_ENABLE_DEBUG_INFO = INCLUDE_SOURCE;
				MTL_FAST_MATH = YES;
				ONLY_ACTIVE_ARCH = YES;
				SWIFT_ACTIVE_COMPILATION_CONDITIONS = DEBUG;
				SWIFT_OPTIMIZATION_LEVEL = "-Onone";
			};
			name = Debug;
		};
		15BE8D0825F7CD820040AECB /* Release */ = {
			isa = XCBuildConfiguration;
			buildSettings = {
				ALWAYS_SEARCH_USER_PATHS = NO;
				CLANG_ANALYZER_NONNULL = YES;
				CLANG_ANALYZER_NUMBER_OBJECT_CONVERSION = YES_AGGRESSIVE;
				CLANG_CXX_LANGUAGE_STANDARD = "gnu++14";
				CLANG_CXX_LIBRARY = "libc++";
				CLANG_ENABLE_MODULES = YES;
				CLANG_ENABLE_OBJC_ARC = YES;
				CLANG_ENABLE_OBJC_WEAK = YES;
				CLANG_WARN_BLOCK_CAPTURE_AUTORELEASING = YES;
				CLANG_WARN_BOOL_CONVERSION = YES;
				CLANG_WARN_COMMA = YES;
				CLANG_WARN_CONSTANT_CONVERSION = YES;
				CLANG_WARN_DEPRECATED_OBJC_IMPLEMENTATIONS = YES;
				CLANG_WARN_DIRECT_OBJC_ISA_USAGE = YES_ERROR;
				CLANG_WARN_DOCUMENTATION_COMMENTS = YES;
				CLANG_WARN_EMPTY_BODY = YES;
				CLANG_WARN_ENUM_CONVERSION = YES;
				CLANG_WARN_INFINITE_RECURSION = YES;
				CLANG_WARN_INT_CONVERSION = YES;
				CLANG_WARN_NON_LITERAL_NULL_CONVERSION = YES;
				CLANG_WARN_OBJC_IMPLICIT_RETAIN_SELF = YES;
				CLANG_WARN_OBJC_LITERAL_CONVERSION = YES;
				CLANG_WARN_OBJC_ROOT_CLASS = YES_ERROR;
				CLANG_WARN_QUOTED_INCLUDE_IN_FRAMEWORK_HEADER = YES;
				CLANG_WARN_RANGE_LOOP_ANALYSIS = YES;
				CLANG_WARN_STRICT_PROTOTYPES = YES;
				CLANG_WARN_SUSPICIOUS_MOVE = YES;
				CLANG_WARN_UNGUARDED_AVAILABILITY = YES_AGGRESSIVE;
				CLANG_WARN_UNREACHABLE_CODE = YES;
				CLANG_WARN__DUPLICATE_METHOD_MATCH = YES;
				COPY_PHASE_STRIP = NO;
				DEBUG_INFORMATION_FORMAT = "dwarf-with-dsym";
				ENABLE_NS_ASSERTIONS = NO;
				ENABLE_STRICT_OBJC_MSGSEND = YES;
				GCC_C_LANGUAGE_STANDARD = gnu11;
				GCC_NO_COMMON_BLOCKS = YES;
				GCC_WARN_64_TO_32_BIT_CONVERSION = YES;
				GCC_WARN_ABOUT_RETURN_TYPE = YES_ERROR;
				GCC_WARN_UNDECLARED_SELECTOR = YES;
				GCC_WARN_UNINITIALIZED_AUTOS = YES_AGGRESSIVE;
				GCC_WARN_UNUSED_FUNCTION = YES;
				GCC_WARN_UNUSED_VARIABLE = YES;
				MTL_ENABLE_DEBUG_INFO = NO;
				MTL_FAST_MATH = YES;
				SWIFT_COMPILATION_MODE = wholemodule;
				SWIFT_OPTIMIZATION_LEVEL = "-O";
			};
			name = Release;
		};
		15BE8D0A25F7CD820040AECB /* Debug */ = {
			isa = XCBuildConfiguration;
			baseConfigurationReference = 08636D8872DF25BBAAA5AF51 /* Pods-MySecretary (iOS).debug.xcconfig */;
			buildSettings = {
				ASSETCATALOG_COMPILER_APPICON_NAME = AppIcon;
				ASSETCATALOG_COMPILER_GLOBAL_ACCENT_COLOR_NAME = AccentColor;
				CODE_SIGN_ENTITLEMENTS = MySecretary.entitlements;
				CODE_SIGN_STYLE = Automatic;
				DEVELOPMENT_TEAM = A6T7UT6A2N;
				ENABLE_PREVIEWS = YES;
				INFOPLIST_FILE = iOS/Info.plist;
				IPHONEOS_DEPLOYMENT_TARGET = 14.0;
				LD_RUNPATH_SEARCH_PATHS = (
					"$(inherited)",
					"@executable_path/Frameworks",
				);
				PRODUCT_BUNDLE_IDENTIFIER = "com.Gukjin-Jang.MySecretary";
				PRODUCT_NAME = MySecretary;
				SDKROOT = iphoneos;
				SWIFT_VERSION = 5.0;
				TARGETED_DEVICE_FAMILY = "1,2";
			};
			name = Debug;
		};
		15BE8D0B25F7CD820040AECB /* Release */ = {
			isa = XCBuildConfiguration;
			baseConfigurationReference = 5B258E3D437C1110288167BB /* Pods-MySecretary (iOS).release.xcconfig */;
			buildSettings = {
				ASSETCATALOG_COMPILER_APPICON_NAME = AppIcon;
				ASSETCATALOG_COMPILER_GLOBAL_ACCENT_COLOR_NAME = AccentColor;
				CODE_SIGN_ENTITLEMENTS = MySecretary.entitlements;
				CODE_SIGN_STYLE = Automatic;
				DEVELOPMENT_TEAM = A6T7UT6A2N;
				ENABLE_PREVIEWS = YES;
				INFOPLIST_FILE = iOS/Info.plist;
				IPHONEOS_DEPLOYMENT_TARGET = 14.0;
				LD_RUNPATH_SEARCH_PATHS = (
					"$(inherited)",
					"@executable_path/Frameworks",
				);
				PRODUCT_BUNDLE_IDENTIFIER = "com.Gukjin-Jang.MySecretary";
				PRODUCT_NAME = MySecretary;
				SDKROOT = iphoneos;
				SWIFT_VERSION = 5.0;
				TARGETED_DEVICE_FAMILY = "1,2";
				VALIDATE_PRODUCT = YES;
			};
			name = Release;
		};
		15BE8D0D25F7CD820040AECB /* Debug */ = {
			isa = XCBuildConfiguration;
			baseConfigurationReference = 8FDDD5D795BAFD961DDE6A39 /* Pods-MySecretary (macOS).debug.xcconfig */;
			buildSettings = {
				ASSETCATALOG_COMPILER_APPICON_NAME = AppIcon;
				ASSETCATALOG_COMPILER_GLOBAL_ACCENT_COLOR_NAME = AccentColor;
				CODE_SIGN_ENTITLEMENTS = macOS/macOS.entitlements;
				CODE_SIGN_STYLE = Automatic;
				COMBINE_HIDPI_IMAGES = YES;
				DEVELOPMENT_TEAM = A6T7UT6A2N;
				ENABLE_HARDENED_RUNTIME = YES;
				ENABLE_PREVIEWS = YES;
				INFOPLIST_FILE = macOS/Info.plist;
				LD_RUNPATH_SEARCH_PATHS = (
					"$(inherited)",
					"@executable_path/../Frameworks",
				);
				MACOSX_DEPLOYMENT_TARGET = 11.0;
				PRODUCT_BUNDLE_IDENTIFIER = "com.Gukjin-Jang.MySecretary";
				PRODUCT_NAME = MySecretary;
				SDKROOT = macosx;
				SWIFT_VERSION = 5.0;
			};
			name = Debug;
		};
		15BE8D0E25F7CD820040AECB /* Release */ = {
			isa = XCBuildConfiguration;
			baseConfigurationReference = 16490043D17C0D21592F6C00 /* Pods-MySecretary (macOS).release.xcconfig */;
			buildSettings = {
				ASSETCATALOG_COMPILER_APPICON_NAME = AppIcon;
				ASSETCATALOG_COMPILER_GLOBAL_ACCENT_COLOR_NAME = AccentColor;
				CODE_SIGN_ENTITLEMENTS = macOS/macOS.entitlements;
				CODE_SIGN_STYLE = Automatic;
				COMBINE_HIDPI_IMAGES = YES;
				DEVELOPMENT_TEAM = A6T7UT6A2N;
				ENABLE_HARDENED_RUNTIME = YES;
				ENABLE_PREVIEWS = YES;
				INFOPLIST_FILE = macOS/Info.plist;
				LD_RUNPATH_SEARCH_PATHS = (
					"$(inherited)",
					"@executable_path/../Frameworks",
				);
				MACOSX_DEPLOYMENT_TARGET = 11.0;
				PRODUCT_BUNDLE_IDENTIFIER = "com.Gukjin-Jang.MySecretary";
				PRODUCT_NAME = MySecretary;
				SDKROOT = macosx;
				SWIFT_VERSION = 5.0;
			};
			name = Release;
		};
		15BE8D1025F7CD820040AECB /* Debug */ = {
			isa = XCBuildConfiguration;
			buildSettings = {
				ALWAYS_EMBED_SWIFT_STANDARD_LIBRARIES = YES;
				CODE_SIGN_STYLE = Automatic;
				DEVELOPMENT_TEAM = A6T7UT6A2N;
				INFOPLIST_FILE = "Tests iOS/Info.plist";
				IPHONEOS_DEPLOYMENT_TARGET = 14.4;
				LD_RUNPATH_SEARCH_PATHS = (
					"$(inherited)",
					"@executable_path/Frameworks",
					"@loader_path/Frameworks",
				);
				PRODUCT_BUNDLE_IDENTIFIER = "com.Gukjin-Jang.Tests-iOS";
				PRODUCT_NAME = "$(TARGET_NAME)";
				SDKROOT = iphoneos;
				SWIFT_VERSION = 5.0;
				TARGETED_DEVICE_FAMILY = "1,2";
				TEST_TARGET_NAME = "MySecretary (iOS)";
			};
			name = Debug;
		};
		15BE8D1125F7CD820040AECB /* Release */ = {
			isa = XCBuildConfiguration;
			buildSettings = {
				ALWAYS_EMBED_SWIFT_STANDARD_LIBRARIES = YES;
				CODE_SIGN_STYLE = Automatic;
				DEVELOPMENT_TEAM = A6T7UT6A2N;
				INFOPLIST_FILE = "Tests iOS/Info.plist";
				IPHONEOS_DEPLOYMENT_TARGET = 14.4;
				LD_RUNPATH_SEARCH_PATHS = (
					"$(inherited)",
					"@executable_path/Frameworks",
					"@loader_path/Frameworks",
				);
				PRODUCT_BUNDLE_IDENTIFIER = "com.Gukjin-Jang.Tests-iOS";
				PRODUCT_NAME = "$(TARGET_NAME)";
				SDKROOT = iphoneos;
				SWIFT_VERSION = 5.0;
				TARGETED_DEVICE_FAMILY = "1,2";
				TEST_TARGET_NAME = "MySecretary (iOS)";
				VALIDATE_PRODUCT = YES;
			};
			name = Release;
		};
		15BE8D1325F7CD820040AECB /* Debug */ = {
			isa = XCBuildConfiguration;
			buildSettings = {
				ALWAYS_EMBED_SWIFT_STANDARD_LIBRARIES = YES;
				CODE_SIGN_STYLE = Automatic;
				COMBINE_HIDPI_IMAGES = YES;
				DEVELOPMENT_TEAM = A6T7UT6A2N;
				INFOPLIST_FILE = "Tests macOS/Info.plist";
				LD_RUNPATH_SEARCH_PATHS = (
					"$(inherited)",
					"@executable_path/../Frameworks",
					"@loader_path/../Frameworks",
				);
				MACOSX_DEPLOYMENT_TARGET = 11.1;
				PRODUCT_BUNDLE_IDENTIFIER = "com.Gukjin-Jang.Tests-macOS";
				PRODUCT_NAME = "$(TARGET_NAME)";
				SDKROOT = macosx;
				SWIFT_VERSION = 5.0;
				TEST_TARGET_NAME = "MySecretary (macOS)";
			};
			name = Debug;
		};
		15BE8D1425F7CD820040AECB /* Release */ = {
			isa = XCBuildConfiguration;
			buildSettings = {
				ALWAYS_EMBED_SWIFT_STANDARD_LIBRARIES = YES;
				CODE_SIGN_STYLE = Automatic;
				COMBINE_HIDPI_IMAGES = YES;
				DEVELOPMENT_TEAM = A6T7UT6A2N;
				INFOPLIST_FILE = "Tests macOS/Info.plist";
				LD_RUNPATH_SEARCH_PATHS = (
					"$(inherited)",
					"@executable_path/../Frameworks",
					"@loader_path/../Frameworks",
				);
				MACOSX_DEPLOYMENT_TARGET = 11.1;
				PRODUCT_BUNDLE_IDENTIFIER = "com.Gukjin-Jang.Tests-macOS";
				PRODUCT_NAME = "$(TARGET_NAME)";
				SDKROOT = macosx;
				SWIFT_VERSION = 5.0;
				TEST_TARGET_NAME = "MySecretary (macOS)";
			};
			name = Release;
		};
/* End XCBuildConfiguration section */

/* Begin XCConfigurationList section */
		15BE8CD625F7CD810040AECB /* Build configuration list for PBXProject "MySecretary" */ = {
			isa = XCConfigurationList;
			buildConfigurations = (
				15BE8D0725F7CD820040AECB /* Debug */,
				15BE8D0825F7CD820040AECB /* Release */,
			);
			defaultConfigurationIsVisible = 0;
			defaultConfigurationName = Release;
		};
		15BE8D0925F7CD820040AECB /* Build configuration list for PBXNativeTarget "MySecretary (iOS)" */ = {
			isa = XCConfigurationList;
			buildConfigurations = (
				15BE8D0A25F7CD820040AECB /* Debug */,
				15BE8D0B25F7CD820040AECB /* Release */,
			);
			defaultConfigurationIsVisible = 0;
			defaultConfigurationName = Release;
		};
		15BE8D0C25F7CD820040AECB /* Build configuration list for PBXNativeTarget "MySecretary (macOS)" */ = {
			isa = XCConfigurationList;
			buildConfigurations = (
				15BE8D0D25F7CD820040AECB /* Debug */,
				15BE8D0E25F7CD820040AECB /* Release */,
			);
			defaultConfigurationIsVisible = 0;
			defaultConfigurationName = Release;
		};
		15BE8D0F25F7CD820040AECB /* Build configuration list for PBXNativeTarget "Tests iOS" */ = {
			isa = XCConfigurationList;
			buildConfigurations = (
				15BE8D1025F7CD820040AECB /* Debug */,
				15BE8D1125F7CD820040AECB /* Release */,
			);
			defaultConfigurationIsVisible = 0;
			defaultConfigurationName = Release;
		};
		15BE8D1225F7CD820040AECB /* Build configuration list for PBXNativeTarget "Tests macOS" */ = {
			isa = XCConfigurationList;
			buildConfigurations = (
				15BE8D1325F7CD820040AECB /* Debug */,
				15BE8D1425F7CD820040AECB /* Release */,
			);
			defaultConfigurationIsVisible = 0;
			defaultConfigurationName = Release;
		};
/* End XCConfigurationList section */
	};
	rootObject = 15BE8CD325F7CD810040AECB /* Project object */;
}
